
Microsoft Visual Studio Solution File, Format Version 12.00
# Visual Studio Version 17
VisualStudioVersion = 17.7.34024.191
MinimumVisualStudioVersion = 10.0.40219.1
Project("{8BC9CEB8-8B4A-11D0-8D11-00A0C91BC942}") = "OS15_HTCOM", "OS15_HTCOM\OS15_HTCOM.vcxproj", "{BC0AA6E4-214C-4C11-B667-72C54D16489A}"
EndProject
Project("{8BC9CEB8-8B4A-11D0-8D11-00A0C91BC942}") = "OS15_HTCOM_LIB", "OS15_HTCOM_LIB\OS15_HTCOM_LIB.vcxproj", "{36CFD428-CDFF-4B7A-8427-2590B63756D7}"
EndProject
Project("{8BC9CEB8-8B4A-11D0-8D11-00A0C91BC942}") = "OS15_SERVICE", "OS15_SERVICE\OS15_SERVICE.vcxproj", "{F3F4FF6B-898C-43EF-BC0E-F01F60E8FB66}"
EndProject
Project("{8BC9CEB8-8B4A-11D0-8D11-00A0C91BC942}") = "OS15_SERVICE_INSTALL", "OS15_SERVICE_INSTALL\OS15_SERVICE_INSTALL.vcxproj", "{FBDC38E5-04E9-4D38-9A69-2115410C3DA7}"
EndProject
Project("{8BC9CEB8-8B4A-11D0-8D11-00A0C91BC942}") = "OS15_SERVICE_UNINSTALL", "OS15_SERVICE_UNINSTALL\OS15_SERVICE_UNINSTALL.vcxproj", "{EB086399-8A8D-43E0-B221-6AC3F50122FB}"
EndProject
Project("{8BC9CEB8-8B4A-11D0-8D11-00A0C91BC942}") = "OS15_CREATE", "OS15_CREATE\OS15_CREATE.vcxproj", "{43D3F50E-B7FF-4A4A-A7CC-96842362A7A2}"
EndProject
Project("{8BC9CEB8-8B4A-11D0-8D11-00A0C91BC942}") = "OS15_02", "OS15_02\OS15_02.vcxproj", "{BE64C565-23D4-461E-81FB-187E385D7BA6}"
EndProject
Project("{8BC9CEB8-8B4A-11D0-8D11-00A0C91BC942}") = "OS15_03", "OS15_03\OS15_03.vcxproj", "{CBE9CF46-E386-4A29-BF55-9526CB5161E5}"
EndProject
Project("{8BC9CEB8-8B4A-11D0-8D11-00A0C91BC942}") = "OS15_04", "OS15_04\OS15_04.vcxproj", "{972DB60D-1B69-468B-9DA0-73B2A93CA429}"
EndProject
Project("{8BC9CEB8-8B4A-11D0-8D11-00A0C91BC942}") = "OS15_STOP", "OS15_STOP\OS15_STOP.vcxproj", "{F33CD375-DF01-4DB0-8EB3-6B49CCEAF124}"
EndProject
Global
	GlobalSection(SolutionConfigurationPlatforms) = preSolution
		Debug|x64 = Debug|x64
		Debug|x86 = Debug|x86
		Release|x64 = Release|x64
		Release|x86 = Release|x86
	EndGlobalSection
	GlobalSection(ProjectConfigurationPlatforms) = postSolution
		{BC0AA6E4-214C-4C11-B667-72C54D16489A}.Debug|x64.ActiveCfg = Debug|x64
		{BC0AA6E4-214C-4C11-B667-72C54D16489A}.Debug|x64.Build.0 = Debug|x64
		{BC0AA6E4-214C-4C11-B667-72C54D16489A}.Debug|x86.ActiveCfg = Debug|Win32
		{BC0AA6E4-214C-4C11-B667-72C54D16489A}.Debug|x86.Build.0 = Debug|Win32
		{BC0AA6E4-214C-4C11-B667-72C54D16489A}.Release|x64.ActiveCfg = Release|x64
		{BC0AA6E4-214C-4C11-B667-72C54D16489A}.Release|x64.Build.0 = Release|x64
		{BC0AA6E4-214C-4C11-B667-72C54D16489A}.Release|x86.ActiveCfg = Release|Win32
		{BC0AA6E4-214C-4C11-B667-72C54D16489A}.Release|x86.Build.0 = Release|Win32
		{36CFD428-CDFF-4B7A-8427-2590B63756D7}.Debug|x64.ActiveCfg = Debug|x64
		{36CFD428-CDFF-4B7A-8427-2590B63756D7}.Debug|x64.Build.0 = Debug|x64
		{36CFD428-CDFF-4B7A-8427-2590B63756D7}.Debug|x86.ActiveCfg = Debug|Win32
		{36CFD428-CDFF-4B7A-8427-2590B63756D7}.Debug|x86.Build.0 = Debug|Win32
		{36CFD428-CDFF-4B7A-8427-2590B63756D7}.Release|x64.ActiveCfg = Release|x64
		{36CFD428-CDFF-4B7A-8427-2590B63756D7}.Release|x64.Build.0 = Release|x64
		{36CFD428-CDFF-4B7A-8427-2590B63756D7}.Release|x86.ActiveCfg = Release|Win32
		{36CFD428-CDFF-4B7A-8427-2590B63756D7}.Release|x86.Build.0 = Release|Win32
		{F3F4FF6B-898C-43EF-BC0E-F01F60E8FB66}.Debug|x64.ActiveCfg = Debug|x64
		{F3F4FF6B-898C-43EF-BC0E-F01F60E8FB66}.Debug|x64.Build.0 = Debug|x64
		{F3F4FF6B-898C-43EF-BC0E-F01F60E8FB66}.Debug|x86.ActiveCfg = Debug|Win32
		{F3F4FF6B-898C-43EF-BC0E-F01F60E8FB66}.Debug|x86.Build.0 = Debug|Win32
		{F3F4FF6B-898C-43EF-BC0E-F01F60E8FB66}.Release|x64.ActiveCfg = Release|x64
		{F3F4FF6B-898C-43EF-BC0E-F01F60E8FB66}.Release|x64.Build.0 = Release|x64
		{F3F4FF6B-898C-43EF-BC0E-F01F60E8FB66}.Release|x86.ActiveCfg = Release|Win32
		{F3F4FF6B-898C-43EF-BC0E-F01F60E8FB66}.Release|x86.Build.0 = Release|Win32
		{FBDC38E5-04E9-4D38-9A69-2115410C3DA7}.Debug|x64.ActiveCfg = Debug|x64
		{FBDC38E5-04E9-4D38-9A69-2115410C3DA7}.Debug|x64.Build.0 = Debug|x64
		{FBDC38E5-04E9-4D38-9A69-2115410C3DA7}.Debug|x86.ActiveCfg = Debug|Win32
		{FBDC38E5-04E9-4D38-9A69-2115410C3DA7}.Debug|x86.Build.0 = Debug|Win32
		{FBDC38E5-04E9-4D38-9A69-2115410C3DA7}.Release|x64.ActiveCfg = Release|x64
		{FBDC38E5-04E9-4D38-9A69-2115410C3DA7}.Release|x64.Build.0 = Release|x64
		{FBDC38E5-04E9-4D38-9A69-2115410C3DA7}.Release|x86.ActiveCfg = Release|Win32
		{FBDC38E5-04E9-4D38-9A69-2115410C3DA7}.Release|x86.Build.0 = Release|Win32
		{EB086399-8A8D-43E0-B221-6AC3F50122FB}.Debug|x64.ActiveCfg = Debug|x64
		{EB086399-8A8D-43E0-B221-6AC3F50122FB}.Debug|x64.Build.0 = Debug|x64
		{EB086399-8A8D-43E0-B221-6AC3F50122FB}.Debug|x86.ActiveCfg = Debug|Win32
		{EB086399-8A8D-43E0-B221-6AC3F50122FB}.Debug|x86.Build.0 = Debug|Win32
		{EB086399-8A8D-43E0-B221-6AC3F50122FB}.Release|x64.ActiveCfg = Release|x64
		{EB086399-8A8D-43E0-B221-6AC3F50122FB}.Release|x64.Build.0 = Release|x64
		{EB086399-8A8D-43E0-B221-6AC3F50122FB}.Release|x86.ActiveCfg = Release|Win32
		{EB086399-8A8D-43E0-B221-6AC3F50122FB}.Release|x86.Build.0 = Release|Win32
		{43D3F50E-B7FF-4A4A-A7CC-96842362A7A2}.Debug|x64.ActiveCfg = Debug|x64
		{43D3F50E-B7FF-4A4A-A7CC-96842362A7A2}.Debug|x64.Build.0 = Debug|x64
		{43D3F50E-B7FF-4A4A-A7CC-96842362A7A2}.Debug|x86.ActiveCfg = Debug|Win32
		{43D3F50E-B7FF-4A4A-A7CC-96842362A7A2}.Debug|x86.Build.0 = Debug|Win32
		{43D3F50E-B7FF-4A4A-A7CC-96842362A7A2}.Release|x64.ActiveCfg = Release|x64
		{43D3F50E-B7FF-4A4A-A7CC-96842362A7A2}.Release|x64.Build.0 = Release|x64
		{43D3F50E-B7FF-4A4A-A7CC-96842362A7A2}.Release|x86.ActiveCfg = Release|Win32
		{43D3F50E-B7FF-4A4A-A7CC-96842362A7A2}.Release|x86.Build.0 = Release|Win32
		{BE64C565-23D4-461E-81FB-187E385D7BA6}.Debug|x64.ActiveCfg = Debug|x64
		{BE64C565-23D4-461E-81FB-187E385D7BA6}.Debug|x64.Build.0 = Debug|x64
		{BE64C565-23D4-461E-81FB-187E385D7BA6}.Debug|x86.ActiveCfg = Debug|Win32
		{BE64C565-23D4-461E-81FB-187E385D7BA6}.Debug|x86.Build.0 = Debug|Win32
		{BE64C565-23D4-461E-81FB-187E385D7BA6}.Release|x64.ActiveCfg = Release|x64
		{BE64C565-23D4-461E-81FB-187E385D7BA6}.Release|x64.Build.0 = Release|x64
		{BE64C565-23D4-461E-81FB-187E385D7BA6}.Release|x86.ActiveCfg = Release|Win32
		{BE64C565-23D4-461E-81FB-187E385D7BA6}.Release|x86.Build.0 = Release|Win32
		{CBE9CF46-E386-4A29-BF55-9526CB5161E5}.Debug|x64.ActiveCfg = Debug|x64
		{CBE9CF46-E386-4A29-BF55-9526CB5161E5}.Debug|x64.Build.0 = Debug|x64
		{CBE9CF46-E386-4A29-BF55-9526CB5161E5}.Debug|x86.ActiveCfg = Debug|Win32
		{CBE9CF46-E386-4A29-BF55-9526CB5161E5}.Debug|x86.Build.0 = Debug|Win32
		{CBE9CF46-E386-4A29-BF55-9526CB5161E5}.Release|x64.ActiveCfg = Release|x64
		{CBE9CF46-E386-4A29-BF55-9526CB5161E5}.Release|x64.Build.0 = Release|x64
		{CBE9CF46-E386-4A29-BF55-9526CB5161E5}.Release|x86.ActiveCfg = Release|Win32
		{CBE9CF46-E386-4A29-BF55-9526CB5161E5}.Release|x86.Build.0 = Release|Win32
		{972DB60D-1B69-468B-9DA0-73B2A93CA429}.Debug|x64.ActiveCfg = Debug|x64
		{972DB60D-1B69-468B-9DA0-73B2A93CA429}.Debug|x64.Build.0 = Debug|x64
		{972DB60D-1B69-468B-9DA0-73B2A93CA429}.Debug|x86.ActiveCfg = Debug|Win32
		{972DB60D-1B69-468B-9DA0-73B2A93CA429}.Debug|x86.Build.0 = Debug|Win32
		{972DB60D-1B69-468B-9DA0-73B2A93CA429}.Release|x64.ActiveCfg = Release|x64
		{972DB60D-1B69-468B-9DA0-73B2A93CA429}.Release|x64.Build.0 = Release|x64
		{972DB60D-1B69-468B-9DA0-73B2A93CA429}.Release|x86.ActiveCfg = Release|Win32
		{972DB60D-1B69-468B-9DA0-73B2A93CA429}.Release|x86.Build.0 = Release|Win32
		{F33CD375-DF01-4DB0-8EB3-6B49CCEAF124}.Debug|x64.ActiveCfg = Debug|x64
		{F33CD375-DF01-4DB0-8EB3-6B49CCEAF124}.Debug|x64.Build.0 = Debug|x64
		{F33CD375-DF01-4DB0-8EB3-6B49CCEAF124}.Debug|x86.ActiveCfg = Debug|Win32
		{F33CD375-DF01-4DB0-8EB3-6B49CCEAF124}.Debug|x86.Build.0 = Debug|Win32
		{F33CD375-DF01-4DB0-8EB3-6B49CCEAF124}.Release|x64.ActiveCfg = Release|x64
		{F33CD375-DF01-4DB0-8EB3-6B49CCEAF124}.Release|x64.Build.0 = Release|x64
		{F33CD375-DF01-4DB0-8EB3-6B49CCEAF124}.Release|x86.ActiveCfg = Release|Win32
		{F33CD375-DF01-4DB0-8EB3-6B49CCEAF124}.Release|x86.Build.0 = Release|Win32
	EndGlobalSection
	GlobalSection(SolutionProperties) = preSolution
		HideSolutionNode = FALSE
	EndGlobalSection
	GlobalSection(ExtensibilityGlobals) = postSolution
		SolutionGuid = {E0E7D383-EC08-44AB-BA27-70727DB61A7B}
	EndGlobalSection
EndGlobal
