
Microsoft Visual Studio Solution File, Format Version 12.00
# Visual Studio Version 17
VisualStudioVersion = 17.7.34024.191
MinimumVisualStudioVersion = 10.0.40219.1
Project("{8BC9CEB8-8B4A-11D0-8D11-00A0C91BC942}") = "OS14_HTCOM", "OS14_HTCOM\OS14_HTCOM.vcxproj", "{C95758CB-407B-4787-9591-9C186B8C3E9C}"
EndProject
Project("{8BC9CEB8-8B4A-11D0-8D11-00A0C91BC942}") = "OS14_HTCOM_LIB", "OS14_HTCOM_LIB\OS14_HTCOM_LIB.vcxproj", "{9A0969E6-D9E1-4D42-BA98-641DA1FEDFC4}"
EndProject
Project("{8BC9CEB8-8B4A-11D0-8D11-00A0C91BC942}") = "OS14_CREATE", "OS14_CREATE\OS14_CREATE.vcxproj", "{0F23B39D-ABE6-4F63-98E1-F7B55EB31F00}"
EndProject
Project("{8BC9CEB8-8B4A-11D0-8D11-00A0C91BC942}") = "OS14_START", "OS14_START\OS14_START.vcxproj", "{979FDF3C-6B9F-450D-8344-3A57421CD2B7}"
EndProject
Project("{8BC9CEB8-8B4A-11D0-8D11-00A0C91BC942}") = "OS14_STOP", "OS14_STOP\OS14_STOP.vcxproj", "{FF26B6A7-4207-4C66-BDDB-90880DAE267B}"
EndProject
Project("{8BC9CEB8-8B4A-11D0-8D11-00A0C91BC942}") = "OS14_02", "OS14_02\OS14_02.vcxproj", "{00A4D8DE-025B-4CE6-8B04-0AC48D3648B0}"
EndProject
Project("{8BC9CEB8-8B4A-11D0-8D11-00A0C91BC942}") = "OS14_03", "OS14_03\OS14_03.vcxproj", "{2B0F7CE7-FC3D-463C-8FB1-52ADC80D241F}"
EndProject
Project("{8BC9CEB8-8B4A-11D0-8D11-00A0C91BC942}") = "OS14_04", "OS14_04\OS14_04.vcxproj", "{36601EB0-A5BA-4714-A1D9-BFE72E482DAE}"
EndProject
Global
	GlobalSection(SolutionConfigurationPlatforms) = preSolution
		Debug|x64 = Debug|x64
		Debug|x86 = Debug|x86
		Release|x64 = Release|x64
		Release|x86 = Release|x86
	EndGlobalSection
	GlobalSection(ProjectConfigurationPlatforms) = postSolution
		{C95758CB-407B-4787-9591-9C186B8C3E9C}.Debug|x64.ActiveCfg = Debug|x64
		{C95758CB-407B-4787-9591-9C186B8C3E9C}.Debug|x64.Build.0 = Debug|x64
		{C95758CB-407B-4787-9591-9C186B8C3E9C}.Debug|x86.ActiveCfg = Debug|Win32
		{C95758CB-407B-4787-9591-9C186B8C3E9C}.Debug|x86.Build.0 = Debug|Win32
		{C95758CB-407B-4787-9591-9C186B8C3E9C}.Release|x64.ActiveCfg = Release|x64
		{C95758CB-407B-4787-9591-9C186B8C3E9C}.Release|x64.Build.0 = Release|x64
		{C95758CB-407B-4787-9591-9C186B8C3E9C}.Release|x86.ActiveCfg = Release|Win32
		{C95758CB-407B-4787-9591-9C186B8C3E9C}.Release|x86.Build.0 = Release|Win32
		{9A0969E6-D9E1-4D42-BA98-641DA1FEDFC4}.Debug|x64.ActiveCfg = Debug|x64
		{9A0969E6-D9E1-4D42-BA98-641DA1FEDFC4}.Debug|x64.Build.0 = Debug|x64
		{9A0969E6-D9E1-4D42-BA98-641DA1FEDFC4}.Debug|x86.ActiveCfg = Debug|Win32
		{9A0969E6-D9E1-4D42-BA98-641DA1FEDFC4}.Debug|x86.Build.0 = Debug|Win32
		{9A0969E6-D9E1-4D42-BA98-641DA1FEDFC4}.Release|x64.ActiveCfg = Release|x64
		{9A0969E6-D9E1-4D42-BA98-641DA1FEDFC4}.Release|x64.Build.0 = Release|x64
		{9A0969E6-D9E1-4D42-BA98-641DA1FEDFC4}.Release|x86.ActiveCfg = Release|Win32
		{9A0969E6-D9E1-4D42-BA98-641DA1FEDFC4}.Release|x86.Build.0 = Release|Win32
		{0F23B39D-ABE6-4F63-98E1-F7B55EB31F00}.Debug|x64.ActiveCfg = Debug|x64
		{0F23B39D-ABE6-4F63-98E1-F7B55EB31F00}.Debug|x64.Build.0 = Debug|x64
		{0F23B39D-ABE6-4F63-98E1-F7B55EB31F00}.Debug|x86.ActiveCfg = Debug|Win32
		{0F23B39D-ABE6-4F63-98E1-F7B55EB31F00}.Debug|x86.Build.0 = Debug|Win32
		{0F23B39D-ABE6-4F63-98E1-F7B55EB31F00}.Release|x64.ActiveCfg = Release|x64
		{0F23B39D-ABE6-4F63-98E1-F7B55EB31F00}.Release|x64.Build.0 = Release|x64
		{0F23B39D-ABE6-4F63-98E1-F7B55EB31F00}.Release|x86.ActiveCfg = Release|Win32
		{0F23B39D-ABE6-4F63-98E1-F7B55EB31F00}.Release|x86.Build.0 = Release|Win32
		{979FDF3C-6B9F-450D-8344-3A57421CD2B7}.Debug|x64.ActiveCfg = Debug|x64
		{979FDF3C-6B9F-450D-8344-3A57421CD2B7}.Debug|x64.Build.0 = Debug|x64
		{979FDF3C-6B9F-450D-8344-3A57421CD2B7}.Debug|x86.ActiveCfg = Debug|Win32
		{979FDF3C-6B9F-450D-8344-3A57421CD2B7}.Debug|x86.Build.0 = Debug|Win32
		{979FDF3C-6B9F-450D-8344-3A57421CD2B7}.Release|x64.ActiveCfg = Release|x64
		{979FDF3C-6B9F-450D-8344-3A57421CD2B7}.Release|x64.Build.0 = Release|x64
		{979FDF3C-6B9F-450D-8344-3A57421CD2B7}.Release|x86.ActiveCfg = Release|Win32
		{979FDF3C-6B9F-450D-8344-3A57421CD2B7}.Release|x86.Build.0 = Release|Win32
		{FF26B6A7-4207-4C66-BDDB-90880DAE267B}.Debug|x64.ActiveCfg = Debug|x64
		{FF26B6A7-4207-4C66-BDDB-90880DAE267B}.Debug|x64.Build.0 = Debug|x64
		{FF26B6A7-4207-4C66-BDDB-90880DAE267B}.Debug|x86.ActiveCfg = Debug|Win32
		{FF26B6A7-4207-4C66-BDDB-90880DAE267B}.Debug|x86.Build.0 = Debug|Win32
		{FF26B6A7-4207-4C66-BDDB-90880DAE267B}.Release|x64.ActiveCfg = Release|x64
		{FF26B6A7-4207-4C66-BDDB-90880DAE267B}.Release|x64.Build.0 = Release|x64
		{FF26B6A7-4207-4C66-BDDB-90880DAE267B}.Release|x86.ActiveCfg = Release|Win32
		{FF26B6A7-4207-4C66-BDDB-90880DAE267B}.Release|x86.Build.0 = Release|Win32
		{00A4D8DE-025B-4CE6-8B04-0AC48D3648B0}.Debug|x64.ActiveCfg = Debug|x64
		{00A4D8DE-025B-4CE6-8B04-0AC48D3648B0}.Debug|x64.Build.0 = Debug|x64
		{00A4D8DE-025B-4CE6-8B04-0AC48D3648B0}.Debug|x86.ActiveCfg = Debug|Win32
		{00A4D8DE-025B-4CE6-8B04-0AC48D3648B0}.Debug|x86.Build.0 = Debug|Win32
		{00A4D8DE-025B-4CE6-8B04-0AC48D3648B0}.Release|x64.ActiveCfg = Release|x64
		{00A4D8DE-025B-4CE6-8B04-0AC48D3648B0}.Release|x64.Build.0 = Release|x64
		{00A4D8DE-025B-4CE6-8B04-0AC48D3648B0}.Release|x86.ActiveCfg = Release|Win32
		{00A4D8DE-025B-4CE6-8B04-0AC48D3648B0}.Release|x86.Build.0 = Release|Win32
		{2B0F7CE7-FC3D-463C-8FB1-52ADC80D241F}.Debug|x64.ActiveCfg = Debug|x64
		{2B0F7CE7-FC3D-463C-8FB1-52ADC80D241F}.Debug|x64.Build.0 = Debug|x64
		{2B0F7CE7-FC3D-463C-8FB1-52ADC80D241F}.Debug|x86.ActiveCfg = Debug|Win32
		{2B0F7CE7-FC3D-463C-8FB1-52ADC80D241F}.Debug|x86.Build.0 = Debug|Win32
		{2B0F7CE7-FC3D-463C-8FB1-52ADC80D241F}.Release|x64.ActiveCfg = Release|x64
		{2B0F7CE7-FC3D-463C-8FB1-52ADC80D241F}.Release|x64.Build.0 = Release|x64
		{2B0F7CE7-FC3D-463C-8FB1-52ADC80D241F}.Release|x86.ActiveCfg = Release|Win32
		{2B0F7CE7-FC3D-463C-8FB1-52ADC80D241F}.Release|x86.Build.0 = Release|Win32
		{36601EB0-A5BA-4714-A1D9-BFE72E482DAE}.Debug|x64.ActiveCfg = Debug|x64
		{36601EB0-A5BA-4714-A1D9-BFE72E482DAE}.Debug|x64.Build.0 = Debug|x64
		{36601EB0-A5BA-4714-A1D9-BFE72E482DAE}.Debug|x86.ActiveCfg = Debug|Win32
		{36601EB0-A5BA-4714-A1D9-BFE72E482DAE}.Debug|x86.Build.0 = Debug|Win32
		{36601EB0-A5BA-4714-A1D9-BFE72E482DAE}.Release|x64.ActiveCfg = Release|x64
		{36601EB0-A5BA-4714-A1D9-BFE72E482DAE}.Release|x64.Build.0 = Release|x64
		{36601EB0-A5BA-4714-A1D9-BFE72E482DAE}.Release|x86.ActiveCfg = Release|Win32
		{36601EB0-A5BA-4714-A1D9-BFE72E482DAE}.Release|x86.Build.0 = Release|Win32
	EndGlobalSection
	GlobalSection(SolutionProperties) = preSolution
		HideSolutionNode = FALSE
	EndGlobalSection
	GlobalSection(ExtensibilityGlobals) = postSolution
		SolutionGuid = {963DB665-98E4-439B-B528-9D0BD71FB371}
	EndGlobalSection
EndGlobal
